
Microsoft Visual Studio Solution File, Format Version 12.00
# Visual Studio 15
VisualStudioVersion = 15.0.28010.0
MinimumVisualStudioVersion = 10.0.40219.1
Project("{8BC9CEB8-8B4A-11D0-8D11-00A0C91BC942}") = "BasicPersist", "BasicPersist\BasicPersist.vcxproj", "{36862C2F-28D8-4363-8E2E-B652D4FE8C38}"
EndProject
Project("{8BC9CEB8-8B4A-11D0-8D11-00A0C91BC942}") = "DecoyCopyDrop", "DecoyCopyDrop\DecoyCopyDrop.vcxproj", "{36232A11-F624-4CAB-9181-174070AB28E4}"
EndProject
Project("{8BC9CEB8-8B4A-11D0-8D11-00A0C91BC942}") = "ToolXorBin", "ToolXorBin\ToolXorBin.vcxproj", "{1517396C-3A9A-458D-AB18-11F3BE725292}"
EndProject
Project("{8BC9CEB8-8B4A-11D0-8D11-00A0C91BC942}") = "DecoyPESimple", "DecoyPESimple\DecoyPESimple.vcxproj", "{008FC2B2-7725-4A04-94DA-8C925A3D7EAE}"
EndProject
Project("{8BC9CEB8-8B4A-11D0-8D11-00A0C91BC942}") = "BasicDropper", "BasicDropper\BasicDropper.vcxproj", "{D4EFB3F6-EA22-4BB4-96E6-49E677585110}"
EndProject
Project("{8BC9CEB8-8B4A-11D0-8D11-00A0C91BC942}") = "RangeLib", "RangeLib\RangeLib.vcxproj", "{37F0CE57-2CA6-4F80-9CA1-521133CFDA13}"
EndProject
Project("{8BC9CEB8-8B4A-11D0-8D11-00A0C91BC942}") = "BasicShellcode", "BasicShellcode\BasicShellcode.vcxproj", "{9F09359F-DFE5-4AA0-B072-9677A729C1C0}"
EndProject
Global
	GlobalSection(SolutionConfigurationPlatforms) = preSolution
		Debug|x64 = Debug|x64
		Debug|x86 = Debug|x86
		Release|x64 = Release|x64
		Release|x86 = Release|x86
	EndGlobalSection
	GlobalSection(ProjectConfigurationPlatforms) = postSolution
		{36862C2F-28D8-4363-8E2E-B652D4FE8C38}.Debug|x64.ActiveCfg = Debug|x64
		{36862C2F-28D8-4363-8E2E-B652D4FE8C38}.Debug|x64.Build.0 = Debug|x64
		{36862C2F-28D8-4363-8E2E-B652D4FE8C38}.Debug|x86.ActiveCfg = Debug|Win32
		{36862C2F-28D8-4363-8E2E-B652D4FE8C38}.Debug|x86.Build.0 = Debug|Win32
		{36862C2F-28D8-4363-8E2E-B652D4FE8C38}.Release|x64.ActiveCfg = Release|x64
		{36862C2F-28D8-4363-8E2E-B652D4FE8C38}.Release|x64.Build.0 = Release|x64
		{36862C2F-28D8-4363-8E2E-B652D4FE8C38}.Release|x86.ActiveCfg = Release|Win32
		{36862C2F-28D8-4363-8E2E-B652D4FE8C38}.Release|x86.Build.0 = Release|Win32
		{36232A11-F624-4CAB-9181-174070AB28E4}.Debug|x64.ActiveCfg = Debug|Win32
		{36232A11-F624-4CAB-9181-174070AB28E4}.Debug|x86.ActiveCfg = Debug|Win32
		{36232A11-F624-4CAB-9181-174070AB28E4}.Debug|x86.Build.0 = Debug|Win32
		{36232A11-F624-4CAB-9181-174070AB28E4}.Release|x64.ActiveCfg = Release|Win32
		{36232A11-F624-4CAB-9181-174070AB28E4}.Release|x86.ActiveCfg = Release|Win32
		{36232A11-F624-4CAB-9181-174070AB28E4}.Release|x86.Build.0 = Release|Win32
		{1517396C-3A9A-458D-AB18-11F3BE725292}.Debug|x64.ActiveCfg = Debug|Win32
		{1517396C-3A9A-458D-AB18-11F3BE725292}.Debug|x86.ActiveCfg = Debug|Win32
		{1517396C-3A9A-458D-AB18-11F3BE725292}.Debug|x86.Build.0 = Debug|Win32
		{1517396C-3A9A-458D-AB18-11F3BE725292}.Release|x64.ActiveCfg = Release|Win32
		{1517396C-3A9A-458D-AB18-11F3BE725292}.Release|x86.ActiveCfg = Release|Win32
		{1517396C-3A9A-458D-AB18-11F3BE725292}.Release|x86.Build.0 = Release|Win32
		{008FC2B2-7725-4A04-94DA-8C925A3D7EAE}.Debug|x64.ActiveCfg = Debug|Win32
		{008FC2B2-7725-4A04-94DA-8C925A3D7EAE}.Debug|x86.ActiveCfg = Debug|Win32
		{008FC2B2-7725-4A04-94DA-8C925A3D7EAE}.Debug|x86.Build.0 = Debug|Win32
		{008FC2B2-7725-4A04-94DA-8C925A3D7EAE}.Release|x64.ActiveCfg = Release|Win32
		{008FC2B2-7725-4A04-94DA-8C925A3D7EAE}.Release|x86.ActiveCfg = Release|Win32
		{008FC2B2-7725-4A04-94DA-8C925A3D7EAE}.Release|x86.Build.0 = Release|Win32
		{D4EFB3F6-EA22-4BB4-96E6-49E677585110}.Debug|x64.ActiveCfg = Debug|x64
		{D4EFB3F6-EA22-4BB4-96E6-49E677585110}.Debug|x64.Build.0 = Debug|x64
		{D4EFB3F6-EA22-4BB4-96E6-49E677585110}.Debug|x86.ActiveCfg = Debug|Win32
		{D4EFB3F6-EA22-4BB4-96E6-49E677585110}.Debug|x86.Build.0 = Debug|Win32
		{D4EFB3F6-EA22-4BB4-96E6-49E677585110}.Release|x64.ActiveCfg = Release|x64
		{D4EFB3F6-EA22-4BB4-96E6-49E677585110}.Release|x64.Build.0 = Release|x64
		{D4EFB3F6-EA22-4BB4-96E6-49E677585110}.Release|x86.ActiveCfg = Release|Win32
		{D4EFB3F6-EA22-4BB4-96E6-49E677585110}.Release|x86.Build.0 = Release|Win32
		{37F0CE57-2CA6-4F80-9CA1-521133CFDA13}.Debug|x64.ActiveCfg = Debug|x64
		{37F0CE57-2CA6-4F80-9CA1-521133CFDA13}.Debug|x64.Build.0 = Debug|x64
		{37F0CE57-2CA6-4F80-9CA1-521133CFDA13}.Debug|x86.ActiveCfg = Debug|Win32
		{37F0CE57-2CA6-4F80-9CA1-521133CFDA13}.Debug|x86.Build.0 = Debug|Win32
		{37F0CE57-2CA6-4F80-9CA1-521133CFDA13}.Release|x64.ActiveCfg = Release|x64
		{37F0CE57-2CA6-4F80-9CA1-521133CFDA13}.Release|x64.Build.0 = Release|x64
		{37F0CE57-2CA6-4F80-9CA1-521133CFDA13}.Release|x86.ActiveCfg = Release|Win32
		{37F0CE57-2CA6-4F80-9CA1-521133CFDA13}.Release|x86.Build.0 = Release|Win32
		{9F09359F-DFE5-4AA0-B072-9677A729C1C0}.Debug|x64.ActiveCfg = Debug|x64
		{9F09359F-DFE5-4AA0-B072-9677A729C1C0}.Debug|x64.Build.0 = Debug|x64
		{9F09359F-DFE5-4AA0-B072-9677A729C1C0}.Debug|x86.ActiveCfg = Debug|Win32
		{9F09359F-DFE5-4AA0-B072-9677A729C1C0}.Debug|x86.Build.0 = Debug|Win32
		{9F09359F-DFE5-4AA0-B072-9677A729C1C0}.Release|x64.ActiveCfg = Release|x64
		{9F09359F-DFE5-4AA0-B072-9677A729C1C0}.Release|x64.Build.0 = Release|x64
		{9F09359F-DFE5-4AA0-B072-9677A729C1C0}.Release|x86.ActiveCfg = Release|Win32
		{9F09359F-DFE5-4AA0-B072-9677A729C1C0}.Release|x86.Build.0 = Release|Win32
	EndGlobalSection
	GlobalSection(SolutionProperties) = preSolution
		HideSolutionNode = FALSE
	EndGlobalSection
	GlobalSection(ExtensibilityGlobals) = postSolution
		SolutionGuid = {BE906F6B-C124-4FF9-8550-1A55F906D2A8}
	EndGlobalSection
EndGlobal
